{
  "name": "flowcredit-platform",
  "version": "0.1.0",
  "lockfileVersion": 3,
  "requires": true,
  "packages": {
    "": {
      "name": "flowcredit-platform",
      "version": "0.1.0",
      "hasInstallScript": true,
      "dependencies": {
        "@deepseek-ai/cordis": "4.0.2",
        "@deepseek-ai/cordis-plugin-include": "1.0.7",
        "@deepseek-ai/cordis-plugin-loader": "1.0.3",
        "@deepseek-ai/cosmokit": "1.8.3",
        "@deepseek-ai/dsh-agent": "0.1.5-alpha.1",
        "@deepseek-ai/dsh-agent-loop": "0.1.5-alpha.1",
        "@deepseek-ai/dsh-anonymous-user-id": "0.1.5-alpha.1",
        "@deepseek-ai/dsh-atomic-write": "0.1.5-alpha.1",
        "@deepseek-ai/dsh-attachment": "0.1.5-alpha.1",
        "@deepseek-ai/dsh-brand": "0.1.5-alpha.1",
        "@deepseek-ai/dsh-code-runtime": "0.1.5-alpha.1",
        "@deepseek-ai/dsh-credentials": "0.1.5-alpha.1",
        "@deepseek-ai/dsh-deepseek-llm-api-extensions": "0.1.5-alpha.1",
        "@deepseek-ai/dsh-fs": "0.1.5-alpha.1",
        "@deepseek-ai/dsh-home-paths": "0.1.5-alpha.1",
        "@deepseek-ai/dsh-invariants": "0.1.5-alpha.1",
        "@deepseek-ai/dsh-launch-environment": "0.1.5-alpha.1",
        "@deepseek-ai/dsh-llm": "0.1.5-alpha.1",
        "@deepseek-ai/dsh-llm-deepseek": "0.1.5-alpha.1",
        "@deepseek-ai/dsh-sandbox": "0.1.5-alpha.1",
        "@deepseek-ai/dsh-scope": "0.1.5-alpha.1",
        "@deepseek-ai/dsh-session": "0.1.5-alpha.1",
        "@deepseek-ai/dsh-session-persistence": "0.1.5-alpha.1",
        "@deepseek-ai/dsh-session-projection": "0.1.5-alpha.1",
        "@deepseek-ai/dsh-settings": "0.1.5-alpha.1",
        "@deepseek-ai/dsh-system-prompt": "0.1.5-alpha.1",
        "@deepseek-ai/dsh-timeout": "0.1.5-alpha.1",
        "@deepseek-ai/dsh-tools": "0.1.5-alpha.1",
        "@deepseek-ai/dsh-typert-protocol": "0.1.5-alpha.1",
        "@deepseek-ai/dsh-user-approval": "0.1.5-alpha.1",
        "@deepseek-ai/dsh-util-crypto": "0.1.5-alpha.1",
        "@deepseek-ai/dsh-util-values": "0.1.5-alpha.1",
        "@deepseek-ai/schemastery": "3.18.2",
        "ajv": "8.20.0",
        "ajv-formats": "3.0.1"
      },
      "devDependencies": {
        "prettier": "3.6.2"
      },
      "engines": {
        "node": ">=24.19.0 <25"
      }
    },
    "node_modules/@deepseek-ai/cordis": {
      "version": "4.0.2",
      "resolved": "https://registry.npmjs.org/@deepseek-ai/cordis/-/cordis-4.0.2.tgz",
      "integrity": "sha512-asOnXP1TzFSFQlHb1iegDZp0z/8WD1c7YNrwJR/Tx2bzNuMXfcekE/I67Iv6SQXeLB4csxqCngzQKANP7gdw0g==",
      "license": "MIT",
      "dependencies": {
        "@deepseek-ai/cosmokit": "^1.8.3",
        "@standard-schema/spec": "^1.1.0"
      },
      "bin": {
        "cordis": "bin.js"
      },
      "peerDependencies": {
        "@deepseek-ai/cordis-plugin-include": "^1.0.7",
        "@deepseek-ai/cordis-plugin-loader": "^1.0.3"
      },
      "peerDependenciesMeta": {
        "@deepseek-ai/cordis-plugin-include": {
          "optional": true
        },
        "@deepseek-ai/cordis-plugin-loader": {
          "optional": true
        }
      }
    },
    "node_modules/@deepseek-ai/cordis-plugin-include": {
      "version": "1.0.7",
      "resolved": "https://registry.npmjs.org/@deepseek-ai/cordis-plugin-include/-/cordis-plugin-include-1.0.7.tgz",
      "integrity": "sha512-bZ4S1YuOmwOeE97HnslQ6ggVQbaWz4GejJ8OcY4P/DIyc1Qhu/3Szt1XSw6c/pd37kRkxxJXGwt4cmCxWSBBuw==",
      "license": "MIT",
      "dependencies": {
        "@deepseek-ai/cosmokit": "^1.8.3",
        "js-yaml": "^4.1.0"
      },
      "peerDependencies": {
        "@deepseek-ai/cordis": "^4.0.2",
        "@deepseek-ai/cordis-plugin-loader": "^1.0.3"
      }
    },
    "node_modules/@deepseek-ai/cordis-plugin-loader": {
      "version": "1.0.3",
      "resolved": "https://registry.npmjs.org/@deepseek-ai/cordis-plugin-loader/-/cordis-plugin-loader-1.0.3.tgz",
      "integrity": "sha512-YNcHiH7TRFrgnRbQU7qdS1spABUFFHg04QpB9DdboPEjgKLTFfeEAvr6Y7qll3/nGgqywDQdk1tYshqKO0p1WQ==",
      "license": "MIT",
      "dependencies": {
        "@deepseek-ai/cosmokit": "^1.8.3"
      },
      "peerDependencies": {
        "@deepseek-ai/cordis": "^4.0.2",
        "node-addon-require-builtin": "^0.1.4"
      },
      "peerDependenciesMeta": {
        "node-addon-require-builtin": {
          "optional": true
        }
      }
    },
    "node_modules/@deepseek-ai/cosmokit": {
      "version": "1.8.3",
      "resolved": "https://registry.npmjs.org/@deepseek-ai/cosmokit/-/cosmokit-1.8.3.tgz",
      "integrity": "sha512-qBo+ronVM6Eu2WNVJXi8JcMiqZ19T9BRIpV+5qJUFPXjGH/Z0QKcQMC/IZJ7L394YTOtJgcovbk9qP0w2GsBXQ==",
      "license": "MIT"
    },
    "node_modules/@deepseek-ai/dsh-agent": {
      "version": "0.1.5-alpha.1",
      "resolved": "https://registry.npmjs.org/@deepseek-ai/dsh-agent/-/dsh-agent-0.1.5-alpha.1.tgz",
      "integrity": "sha512-Klimoo970OFP2/5sk6MaycY5l4VHeK8dN5jEIL3l9EBerr4QnoDOZMmLVkrx3cSk9OCm4KfQWrv8Gkm1HJ3fUg==",
      "license": "MIT",
      "peerDependencies": {
        "@deepseek-ai/cordis": "^4.0.2",
        "@deepseek-ai/dsh-invariants": "^0.1.5-alpha.1",
        "@deepseek-ai/dsh-llm": "^0.1.5-alpha.1",
        "@deepseek-ai/dsh-scope": "^0.1.5-alpha.1",
        "@deepseek-ai/dsh-session": "^0.1.5-alpha.1",
        "@deepseek-ai/dsh-session-projection": "^0.1.5-alpha.1",
        "@deepseek-ai/dsh-system-prompt": "^0.1.5-alpha.1",
        "@deepseek-ai/dsh-typert-protocol": "^0.1.5-alpha.1",
        "@deepseek-ai/dsh-util-values": "^0.1.5-alpha.1"
      }
    },
    "node_modules/@deepseek-ai/dsh-agent-loop": {
      "version": "0.1.5-alpha.1",
      "resolved": "https://registry.npmjs.org/@deepseek-ai/dsh-agent-loop/-/dsh-agent-loop-0.1.5-alpha.1.tgz",
      "integrity": "sha512-FpfSUfeyONRfVbmIC82dYGPL4G5T+9sJDd0OIqMqv8gH2M7smbILE/HOnKo/eHC29ce/YDSvL3etWr6g0PGc8w==",
      "license": "MIT",
      "dependencies": {
        "@deepseek-ai/dsh-brand": "^0.1.5-alpha.1",
        "@deepseek-ai/dsh-util-values": "^0.1.5-alpha.1",
        "@deepseek-ai/schemastery": "^3.18.2",
        "zod": "^4.4.3"
      },
      "peerDependencies": {
        "@deepseek-ai/cordis": "^4.0.2",
        "@deepseek-ai/dsh-agent": "^0.1.5-alpha.1",
        "@deepseek-ai/dsh-invariants": "^0.1.5-alpha.1",
        "@deepseek-ai/dsh-llm": "^0.1.5-alpha.1",
        "@deepseek-ai/dsh-scope": "^0.1.5-alpha.1",
        "@deepseek-ai/dsh-session": "^0.1.5-alpha.1",
        "@deepseek-ai/dsh-session-persistence": "^0.1.5-alpha.1",
        "@deepseek-ai/dsh-session-projection": "^0.1.5-alpha.1",
        "@deepseek-ai/dsh-settings": "^0.1.5-alpha.1",
        "@deepseek-ai/dsh-system-prompt": "^0.1.5-alpha.1",
        "@deepseek-ai/dsh-tools": "^0.1.5-alpha.1"
      }
    },
    "node_modules/@deepseek-ai/dsh-anonymous-user-id": {
      "version": "0.1.5-alpha.1",
      "resolved": "https://registry.npmjs.org/@deepseek-ai/dsh-anonymous-user-id/-/dsh-anonymous-user-id-0.1.5-alpha.1.tgz",
      "integrity": "sha512-n7BNrWqEdje8MQm3UfGTW6t5wuMV9ZH8YKT/tkdzXJicgkZ3xcFGV+njTRTG3L/JzlBVOmuXzxmJFt6BV6I8dg==",
      "license": "MIT",
      "peerDependencies": {
        "@deepseek-ai/cordis": "^4.0.2",
        "@deepseek-ai/dsh-brand": "^0.1.5-alpha.1",
        "@deepseek-ai/dsh-home-paths": "^0.1.5-alpha.1"
      }
    },
    "node_modules/@deepseek-ai/dsh-atomic-write": {
      "version": "0.1.5-alpha.1",
      "resolved": "https://registry.npmjs.org/@deepseek-ai/dsh-atomic-write/-/dsh-atomic-write-0.1.5-alpha.1.tgz",
      "integrity": "sha512-zw06Jwi8QdAUyh9SqXzefDoMLV2ewHhE2DiNSYK15EKfzm2JyGdRDZc1fx/EvWgBXClH1hdCrn0H+qu3OoWe7w==",
      "license": "MIT",
      "peerDependencies": {
        "@deepseek-ai/cordis": "^4.0.2"
      }
    },
    "node_modules/@deepseek-ai/dsh-attachment": {
      "version": "0.1.5-alpha.1",
      "resolved": "https://registry.npmjs.org/@deepseek-ai/dsh-attachment/-/dsh-attachment-0.1.5-alpha.1.tgz",
      "integrity": "sha512-2XBsE+J4zSFEC09OhCXVD1BPWR3KIdVlM7lKcaHBEuUHwqewS/g16DbM/yAmFUaigjXS9zuQFThCAv7QYb1JhA==",
      "license": "MIT",
      "peerDependencies": {
        "@deepseek-ai/cordis": "^4.0.2",
        "@deepseek-ai/dsh-brand": "^0.1.5-alpha.1"
      }
    },
    "node_modules/@deepseek-ai/dsh-brand": {
      "version": "0.1.5-alpha.1",
      "resolved": "https://registry.npmjs.org/@deepseek-ai/dsh-brand/-/dsh-brand-0.1.5-alpha.1.tgz",
      "integrity": "sha512-R7CADJl81Q5PMeIKAQfzP9ZRauLw7niiSZDUVqZfxAkNMlGbKIqdXtUIMuxOv1TQUW8fuqqqPVSDo7m+QtKQxA==",
      "license": "MIT",
      "peerDependencies": {
        "@deepseek-ai/cordis": "^4.0.2"
      }
    },
    "node_modules/@deepseek-ai/dsh-code-runtime": {
      "version": "0.1.5-alpha.1",
      "resolved": "https://registry.npmjs.org/@deepseek-ai/dsh-code-runtime/-/dsh-code-runtime-0.1.5-alpha.1.tgz",
      "integrity": "sha512-WsHQyfhZlhy6E/E5FOg0O1nKguGTdxTQUOcE9Ixu0u9LD6kjnuNtwbJasKNCAVSRGRIMJ/LQ22OorCOVTbP+Ag==",
      "license": "MIT",
      "peerDependencies": {
        "@deepseek-ai/cordis": "^4.0.2"
      }
    },
    "node_modules/@deepseek-ai/dsh-credentials": {
      "version": "0.1.5-alpha.1",
      "resolved": "https://registry.npmjs.org/@deepseek-ai/dsh-credentials/-/dsh-credentials-0.1.5-alpha.1.tgz",
      "integrity": "sha512-QmtDrlKhJEuHQYWlHEexNqO4RIUifZ3dEuuRKagSiujIs5MDBkPBwTZbL2WwUKdVvQXu1z0Hb9I1XA1HtI9SZg==",
      "license": "MIT",
      "dependencies": {
        "@deepseek-ai/dsh-brand": "^0.1.5-alpha.1"
      },
      "peerDependencies": {
        "@deepseek-ai/cordis": "^4.0.2",
        "@deepseek-ai/dsh-invariants": "^0.1.5-alpha.1"
      }
    },
    "node_modules/@deepseek-ai/dsh-deepseek-llm-api-extensions": {
      "version": "0.1.5-alpha.1",
      "resolved": "https://registry.npmjs.org/@deepseek-ai/dsh-deepseek-llm-api-extensions/-/dsh-deepseek-llm-api-extensions-0.1.5-alpha.1.tgz",
      "integrity": "sha512-yd3NoLcOZsBbXFUI/rAMgjcc9rT1IGM7/qcdLSsXozxmrNHxLv5G2sdtXUIpv8OfscfPQ2qjv0XTtEqWQyuxUQ==",
      "license": "MIT",
      "peerDependencies": {
        "@deepseek-ai/cordis": "^4.0.2"
      }
    },
    "node_modules/@deepseek-ai/dsh-fs": {
      "version": "0.1.5-alpha.1",
      "resolved": "https://registry.npmjs.org/@deepseek-ai/dsh-fs/-/dsh-fs-0.1.5-alpha.1.tgz",
      "integrity": "sha512-WTBe8x8QVT0dZo66H8vr444WR79/7OpHv+K7Nvczr+g9bkPC7SrJVFjt48Bdb1vbNPGxgQbCjLlobANzwc0hRg==",
      "license": "MIT",
      "peerDependencies": {
        "@deepseek-ai/cordis": "^4.0.2",
        "@deepseek-ai/dsh-brand": "^0.1.5-alpha.1",
        "@deepseek-ai/dsh-invariants": "^0.1.5-alpha.1",
        "@deepseek-ai/dsh-llm": "^0.1.5-alpha.1",
        "@deepseek-ai/dsh-sandbox": "^0.1.5-alpha.1"
      }
    },
    "node_modules/@deepseek-ai/dsh-home-paths": {
      "version": "0.1.5-alpha.1",
      "resolved": "https://registry.npmjs.org/@deepseek-ai/dsh-home-paths/-/dsh-home-paths-0.1.5-alpha.1.tgz",
      "integrity": "sha512-YVo5By+2aLrXuxxaxi7JaNFsXCpE0qQ+cJrJtmLUe8PYkrxHcZT7O8/1ixOlPo2psEkvNm0ZxL16V/Fa4GrE2A==",
      "license": "MIT",
      "peerDependencies": {
        "@deepseek-ai/cordis": "^4.0.2"
      }
    },
    "node_modules/@deepseek-ai/dsh-invariants": {
      "version": "0.1.5-alpha.1",
      "resolved": "https://registry.npmjs.org/@deepseek-ai/dsh-invariants/-/dsh-invariants-0.1.5-alpha.1.tgz",
      "integrity": "sha512-8Ote6DMq12u/X7eu5OfjlXPI1jxbEFUEm1jLIu6X03XZJT37O6S+wHvf5XCF0Kq43Ch7r5sibT3xcgTZpWRkNQ==",
      "license": "MIT",
      "dependencies": {
        "@deepseek-ai/schemastery": "^3.18.2"
      },
      "peerDependencies": {
        "@deepseek-ai/cordis": "^4.0.2"
      }
    },
    "node_modules/@deepseek-ai/dsh-launch-environment": {
      "version": "0.1.5-alpha.1",
      "resolved": "https://registry.npmjs.org/@deepseek-ai/dsh-launch-environment/-/dsh-launch-environment-0.1.5-alpha.1.tgz",
      "integrity": "sha512-ytL8vPJQYxNm/Y5/9wL/f+c/3yhKgCuIlKuApbOqY5dWUpco+U+96NlN4KgxaP/A1WTpsOKWmvjHmGedbPvWCw==",
      "license": "MIT",
      "peerDependencies": {
        "@deepseek-ai/cordis": "^4.0.2"
      }
    },
    "node_modules/@deepseek-ai/dsh-llm": {
      "version": "0.1.5-alpha.1",
      "resolved": "https://registry.npmjs.org/@deepseek-ai/dsh-llm/-/dsh-llm-0.1.5-alpha.1.tgz",
      "integrity": "sha512-ncbGiWdvOG9v3K4b/LluSnrrG1w0lHKGkDsjztz1rfekvp2meLeQwbf59VCQRG68N9hdqNcr8dm0GFLEpGTE4w==",
      "license": "MIT",
      "dependencies": {
        "@deepseek-ai/dsh-brand": "^0.1.5-alpha.1",
        "@deepseek-ai/dsh-timeout": "^0.1.5-alpha.1",
        "@deepseek-ai/dsh-typert-protocol": "^0.1.5-alpha.1",
        "@deepseek-ai/dsh-util-crypto": "^0.1.5-alpha.1",
        "@deepseek-ai/dsh-util-values": "^0.1.5-alpha.1",
        "@deepseek-ai/schemastery": "^3.18.2",
        "zod": "^4.4.3"
      },
      "peerDependencies": {
        "@deepseek-ai/cordis": "^4.0.2"
      }
    },
    "node_modules/@deepseek-ai/dsh-llm-deepseek": {
      "version": "0.1.5-alpha.1",
      "resolved": "https://registry.npmjs.org/@deepseek-ai/dsh-llm-deepseek/-/dsh-llm-deepseek-0.1.5-alpha.1.tgz",
      "integrity": "sha512-6L3GmCnoPj+7WeXWWka2zHizPaMObVnqae7haqjYclSsFzm+1fE8EOGurzu1s2kbj/3MOKd64sIerVSQbdPbBg==",
      "license": "MIT",
      "dependencies": {
        "@deepseek-ai/dsh-brand": "^0.1.5-alpha.1",
        "@deepseek-ai/dsh-util-values": "^0.1.5-alpha.1",
        "@deepseek-ai/schemastery": "^3.18.2",
        "eventsource-parser": "^3.1.0"
      },
      "peerDependencies": {
        "@deepseek-ai/cordis": "^4.0.2",
        "@deepseek-ai/dsh-anonymous-user-id": "^0.1.5-alpha.1",
        "@deepseek-ai/dsh-atomic-write": "^0.1.5-alpha.1",
        "@deepseek-ai/dsh-attachment": "^0.1.5-alpha.1",
        "@deepseek-ai/dsh-credentials": "^0.1.5-alpha.1",
        "@deepseek-ai/dsh-deepseek-llm-api-extensions": "^0.1.5-alpha.1",
        "@deepseek-ai/dsh-fs": "^0.1.5-alpha.1",
        "@deepseek-ai/dsh-home-paths": "^0.1.5-alpha.1",
        "@deepseek-ai/dsh-launch-environment": "^0.1.5-alpha.1",
        "@deepseek-ai/dsh-llm": "^0.1.5-alpha.1",
        "@deepseek-ai/dsh-settings": "^0.1.5-alpha.1",
        "@deepseek-ai/dsh-timeout": "^0.1.5-alpha.1"
      }
    },
    "node_modules/@deepseek-ai/dsh-sandbox": {
      "version": "0.1.5-alpha.1",
      "resolved": "https://registry.npmjs.org/@deepseek-ai/dsh-sandbox/-/dsh-sandbox-0.1.5-alpha.1.tgz",
      "integrity": "sha512-8lnyW+/r/8RrfdNVOeY2xxwMS70rWuFF/QKnEMiFlUJuTCpk2yEWD3lT6vRbtgFf2Xn9bPxZMQTwaHABb7ODtA==",
      "license": "MIT",
      "dependencies": {
        "@deepseek-ai/dsh-util-values": "^0.1.5-alpha.1"
      },
      "peerDependencies": {
        "@deepseek-ai/cordis": "^4.0.2",
        "@deepseek-ai/dsh-llm": "^0.1.5-alpha.1",
        "@deepseek-ai/dsh-session": "^0.1.5-alpha.1"
      }
    },
    "node_modules/@deepseek-ai/dsh-scope": {
      "version": "0.1.5-alpha.1",
      "resolved": "https://registry.npmjs.org/@deepseek-ai/dsh-scope/-/dsh-scope-0.1.5-alpha.1.tgz",
      "integrity": "sha512-rY/5BQAiP0hPBArwPB2uf5kXdWfmSHcOXprB7hrDeyZ6EwciYfUgOX8n5CY/FT7e2ypd3Lwqqe90fibUxU3xGg==",
      "license": "MIT",
      "peerDependencies": {
        "@deepseek-ai/cordis": "^4.0.2",
        "@deepseek-ai/dsh-invariants": "^0.1.5-alpha.1"
      }
    },
    "node_modules/@deepseek-ai/dsh-session": {
      "version": "0.1.5-alpha.1",
      "resolved": "https://registry.npmjs.org/@deepseek-ai/dsh-session/-/dsh-session-0.1.5-alpha.1.tgz",
      "integrity": "sha512-15+FxQFoVDDG1Lh0wA8dqVpVz7O4iUiXtVYM+ETg/ce6+gITPafXTEDd5i8HTIMnPRjZxEwX0BUlDDsChsjjNw==",
      "license": "MIT",
      "dependencies": {
        "@deepseek-ai/dsh-brand": "^0.1.5-alpha.1",
        "@deepseek-ai/dsh-llm": "^0.1.5-alpha.1",
        "@deepseek-ai/dsh-util-values": "^0.1.5-alpha.1"
      },
      "peerDependencies": {
        "@deepseek-ai/cordis": "^4.0.2",
        "@deepseek-ai/dsh-scope": "^0.1.5-alpha.1"
      }
    },
    "node_modules/@deepseek-ai/dsh-session-persistence": {
      "version": "0.1.5-alpha.1",
      "resolved": "https://registry.npmjs.org/@deepseek-ai/dsh-session-persistence/-/dsh-session-persistence-0.1.5-alpha.1.tgz",
      "integrity": "sha512-9bWMlbGsY/IEeAr0fKHdIxC9X/FMVmFGjJFn1HzqGsLKYDtrWmU3F5jug3ZN+baIfcjhiIzyP6FVbNvkFrVQag==",
      "license": "MIT",
      "dependencies": {
        "@deepseek-ai/dsh-util-values": "^0.1.5-alpha.1"
      },
      "peerDependencies": {
        "@deepseek-ai/cordis": "^4.0.2",
        "@deepseek-ai/dsh-brand": "^0.1.5-alpha.1",
        "@deepseek-ai/dsh-session": "^0.1.5-alpha.1",
        "@deepseek-ai/dsh-timeout": "^0.1.5-alpha.1"
      }
    },
    "node_modules/@deepseek-ai/dsh-session-projection": {
      "version": "0.1.5-alpha.1",
      "resolved": "https://registry.npmjs.org/@deepseek-ai/dsh-session-projection/-/dsh-session-projection-0.1.5-alpha.1.tgz",
      "integrity": "sha512-V68REQFndPMxtbwsX+MOPkrBF6nvSWC5L5cbFheX5EcgIqe2gJthRH4j0aQyTt3HOHeu3VRlNDXeE/Ys6pEejg==",
      "license": "MIT",
      "dependencies": {
        "zod": "^4.4.3"
      },
      "peerDependencies": {
        "@deepseek-ai/cordis": "^4.0.2",
        "@deepseek-ai/dsh-session": "^0.1.5-alpha.1"
      }
    },
    "node_modules/@deepseek-ai/dsh-settings": {
      "version": "0.1.5-alpha.1",
      "resolved": "https://registry.npmjs.org/@deepseek-ai/dsh-settings/-/dsh-settings-0.1.5-alpha.1.tgz",
      "integrity": "sha512-nO2fAvijWIHyNvAQsWPpIVuFnz03q1adB94l7HRbfWfMi0fJwi1u96f28SM8BJuOOqLLOka7kRNmljoqc/1bDw==",
      "license": "MIT",
      "dependencies": {
        "@deepseek-ai/dsh-util-values": "^0.1.5-alpha.1"
      },
      "peerDependencies": {
        "@deepseek-ai/cordis": "^4.0.2",
        "@deepseek-ai/dsh-brand": "^0.1.5-alpha.1",
        "@deepseek-ai/dsh-invariants": "^0.1.5-alpha.1",
        "@deepseek-ai/dsh-session": "^0.1.5-alpha.1",
        "@deepseek-ai/schemastery": "^3.18.2"
      }
    },
    "node_modules/@deepseek-ai/dsh-system-prompt": {
      "version": "0.1.5-alpha.1",
      "resolved": "https://registry.npmjs.org/@deepseek-ai/dsh-system-prompt/-/dsh-system-prompt-0.1.5-alpha.1.tgz",
      "integrity": "sha512-sQk/K05ZOFn2xbDbbCTfDN1Jr5lMBz+dPVreqkVsXbt72QxzTGM4yw8JmDJEvUMVnOKBsKyWpLrvBpcYN8Unbw==",
      "license": "MIT",
      "dependencies": {
        "@deepseek-ai/schemastery": "^3.18.2"
      },
      "peerDependencies": {
        "@deepseek-ai/cordis": "^4.0.2",
        "@deepseek-ai/dsh-invariants": "^0.1.5-alpha.1",
        "@deepseek-ai/dsh-llm": "^0.1.5-alpha.1",
        "@deepseek-ai/dsh-scope": "^0.1.5-alpha.1"
      }
    },
    "node_modules/@deepseek-ai/dsh-timeout": {
      "version": "0.1.5-alpha.1",
      "resolved": "https://registry.npmjs.org/@deepseek-ai/dsh-timeout/-/dsh-timeout-0.1.5-alpha.1.tgz",
      "integrity": "sha512-QTcHWuKD1/LuHyXTvwX85LzWhgcqUeIza0FjajekIDYG7+jW1K6T6gzRYaOger0pAzJMylUz8iERU16cHR1c8A==",
      "license": "MIT",
      "peerDependencies": {
        "@deepseek-ai/cordis": "^4.0.2"
      }
    },
    "node_modules/@deepseek-ai/dsh-tools": {
      "version": "0.1.5-alpha.1",
      "resolved": "https://registry.npmjs.org/@deepseek-ai/dsh-tools/-/dsh-tools-0.1.5-alpha.1.tgz",
      "integrity": "sha512-TYvlnJlFZtenuoqe/SvTSrscfo6Y8NgwwV2zgaF+1rsOZBBiGPZNsUn0WG53JMs8M8wpkq7HIzIUUs2TOdThMw==",
      "license": "MIT",
      "dependencies": {
        "@deepseek-ai/dsh-brand": "^0.1.5-alpha.1",
        "@deepseek-ai/dsh-util-values": "^0.1.5-alpha.1",
        "@deepseek-ai/schemastery": "^3.18.2"
      },
      "peerDependencies": {
        "@deepseek-ai/cordis": "^4.0.2",
        "@deepseek-ai/dsh-agent": "^0.1.5-alpha.1",
        "@deepseek-ai/dsh-code-runtime": "^0.1.5-alpha.1",
        "@deepseek-ai/dsh-invariants": "^0.1.5-alpha.1",
        "@deepseek-ai/dsh-llm": "^0.1.5-alpha.1",
        "@deepseek-ai/dsh-scope": "^0.1.5-alpha.1",
        "@deepseek-ai/dsh-session": "^0.1.5-alpha.1",
        "@deepseek-ai/dsh-system-prompt": "^0.1.5-alpha.1",
        "@deepseek-ai/dsh-user-approval": "^0.1.5-alpha.1"
      }
    },
    "node_modules/@deepseek-ai/dsh-typert-protocol": {
      "version": "0.1.5-alpha.1",
      "resolved": "https://registry.npmjs.org/@deepseek-ai/dsh-typert-protocol/-/dsh-typert-protocol-0.1.5-alpha.1.tgz",
      "integrity": "sha512-TYUDD047W5uxXK+8QX8lR8z/cAUqQBBy2mzU2kX7i7STtjzzeIqf+29JzANDFDFIXjwKmszk6VjeX7pwyjinIw==",
      "license": "MIT",
      "peerDependencies": {
        "@deepseek-ai/cordis": "^4.0.2"
      }
    },
    "node_modules/@deepseek-ai/dsh-user-approval": {
      "version": "0.1.5-alpha.1",
      "resolved": "https://registry.npmjs.org/@deepseek-ai/dsh-user-approval/-/dsh-user-approval-0.1.5-alpha.1.tgz",
      "integrity": "sha512-xCuH17yYnuCpDMJyrNzHfL/wYs9iEGPGFOqnc2NWyFhNMsja+UGe3cDjqhCRvpYsXImM9AKxdAtjM18bDda0Lw==",
      "license": "MIT",
      "dependencies": {
        "@deepseek-ai/schemastery": "^3.18.2"
      },
      "peerDependencies": {
        "@deepseek-ai/cordis": "^4.0.2",
        "@deepseek-ai/dsh-agent": "^0.1.5-alpha.1",
        "@deepseek-ai/dsh-brand": "^0.1.5-alpha.1",
        "@deepseek-ai/dsh-invariants": "^0.1.5-alpha.1",
        "@deepseek-ai/dsh-llm": "^0.1.5-alpha.1",
        "@deepseek-ai/dsh-scope": "^0.1.5-alpha.1",
        "@deepseek-ai/dsh-session": "^0.1.5-alpha.1",
        "@deepseek-ai/dsh-system-prompt": "^0.1.5-alpha.1"
      }
    },
    "node_modules/@deepseek-ai/dsh-util-crypto": {
      "version": "0.1.5-alpha.1",
      "resolved": "https://registry.npmjs.org/@deepseek-ai/dsh-util-crypto/-/dsh-util-crypto-0.1.5-alpha.1.tgz",
      "integrity": "sha512-lTTpyRKowbzlvrwHJr7leMDt/Iul8cLmlrwn+JLyKid5YzX1NDK7MgkrEYivqGplX5Jd64GRcXU1bGpz9phULA==",
      "license": "MIT",
      "peerDependencies": {
        "@deepseek-ai/cordis": "^4.0.2"
      }
    },
    "node_modules/@deepseek-ai/dsh-util-values": {
      "version": "0.1.5-alpha.1",
      "resolved": "https://registry.npmjs.org/@deepseek-ai/dsh-util-values/-/dsh-util-values-0.1.5-alpha.1.tgz",
      "integrity": "sha512-slx5c7zAg1VAwvfkCNe24+NTu93FlQuI5vHLx0rb/S7HIVeCqI5Lm5158WCKjPTvHxXXOpACy7qY9L17lwCsFw==",
      "license": "MIT",
      "peerDependencies": {
        "@deepseek-ai/cordis": "^4.0.2"
      }
    },
    "node_modules/@deepseek-ai/schemastery": {
      "version": "3.18.2",
      "resolved": "https://registry.npmjs.org/@deepseek-ai/schemastery/-/schemastery-3.18.2.tgz",
      "integrity": "sha512-njDtZsznjYxok7KLLlHOPyuv2efdWVbSflAHgztSfbMsg+CVraEoRe2DjOCgClYv3ZCSm7WXoaUkbB/+RY7tWQ==",
      "license": "MIT",
      "dependencies": {
        "@deepseek-ai/cosmokit": "^1.8.3",
        "@standard-schema/spec": "^1.1.0"
      }
    },
    "node_modules/@standard-schema/spec": {
      "version": "1.1.0",
      "resolved": "https://registry.npmjs.org/@standard-schema/spec/-/spec-1.1.0.tgz",
      "integrity": "sha512-l2aFy5jALhniG5HgqrD6jXLi/rUWrKvqN/qJx6yoJsgKhblVd+iqqU4RCXavm/jPityDo5TCvKMnpjKnOriy0w==",
      "license": "MIT"
    },
    "node_modules/ajv": {
      "version": "8.20.0",
      "resolved": "https://registry.npmjs.org/ajv/-/ajv-8.20.0.tgz",
      "integrity": "sha512-Thbli+OlOj+iMPYFBVBfJ3OmCAnaSyNn4M1vz9T6Gka5Jt9ba/HIR56joy65tY6kx/FCF5VXNB819Y7/GUrBGA==",
      "license": "MIT",
      "dependencies": {
        "fast-deep-equal": "^3.1.3",
        "fast-uri": "^3.0.1",
        "json-schema-traverse": "^1.0.0",
        "require-from-string": "^2.0.2"
      },
      "funding": {
        "type": "github",
        "url": "https://github.com/sponsors/epoberezkin"
      }
    },
    "node_modules/ajv-formats": {
      "version": "3.0.1",
      "resolved": "https://registry.npmjs.org/ajv-formats/-/ajv-formats-3.0.1.tgz",
      "integrity": "sha512-8iUql50EUR+uUcdRQ3HDqa6EVyo3docL8g5WJ3FNcWmu62IbkGUue/pEyLBW8VGKKucTPgqeks4fIU1DA4yowQ==",
      "license": "MIT",
      "dependencies": {
        "ajv": "^8.0.0"
      },
      "peerDependencies": {
        "ajv": "^8.0.0"
      },
      "peerDependenciesMeta": {
        "ajv": {
          "optional": true
        }
      }
    },
    "node_modules/argparse": {
      "version": "2.0.1",
      "resolved": "https://registry.npmjs.org/argparse/-/argparse-2.0.1.tgz",
      "integrity": "sha512-8+9WqebbFzpX9OR+Wa6O29asIogeRMzcGtAINdpMHHyAg10f05aSFVBbcEqGf/PXw1EjAZ+q2/bEBg3DvurK3Q==",
      "license": "Python-2.0"
    },
    "node_modules/eventsource-parser": {
      "version": "3.1.1",
      "resolved": "https://registry.npmjs.org/eventsource-parser/-/eventsource-parser-3.1.1.tgz",
      "integrity": "sha512-EKN1vKAMcZ8MlYMpaNuxN6R9yakzH6uajHcHVTqWJzvu5pWw9DyhbP35HH8MVBQ+dZjAfDxk+A8NiR9KWaXiyQ==",
      "license": "MIT",
      "engines": {
        "node": ">=18.0.0"
      }
    },
    "node_modules/fast-deep-equal": {
      "version": "3.1.3",
      "resolved": "https://registry.npmjs.org/fast-deep-equal/-/fast-deep-equal-3.1.3.tgz",
      "integrity": "sha512-f3qQ9oQy9j2AhBe/H9VC91wLmKBCCU/gDOnKNAYG5hswO7BLKj09Hc5HYNz9cGI++xlpDCIgDaitVs03ATR84Q==",
      "license": "MIT"
    },
    "node_modules/fast-uri": {
      "version": "3.1.8",
      "resolved": "https://registry.npmjs.org/fast-uri/-/fast-uri-3.1.8.tgz",
      "integrity": "sha512-GZMtZUTNRpOVIECoXwLNZS5xUGE+mVNbTB8h/7Rwh2TFWcBQiPzTgyZi05BF9UMZKkLJv8XBRJTlU7zg8+ZfMg==",
      "funding": [
        {
          "type": "github",
          "url": "https://github.com/sponsors/fastify"
        },
        {
          "type": "opencollective",
          "url": "https://opencollective.com/fastify"
        }
      ],
      "license": "BSD-3-Clause"
    },
    "node_modules/js-yaml": {
      "version": "4.3.2",
      "resolved": "https://registry.npmjs.org/js-yaml/-/js-yaml-4.3.2.tgz",
      "integrity": "sha512-SFNOvSJ+Dgf/9An904Yx+CgSlIPCkIpao4qo51lpee25TIRejdH3rhR4EZMGoNx3/TP3O+wzWuiTFl4sqbltzA==",
      "funding": [
        {
          "type": "github",
          "url": "https://github.com/sponsors/puzrin"
        },
        {
          "type": "github",
          "url": "https://github.com/sponsors/nodeca"
        }
      ],
      "license": "MIT",
      "dependencies": {
        "argparse": "^2.0.1"
      },
      "bin": {
        "js-yaml": "bin/js-yaml.js"
      }
    },
    "node_modules/json-schema-traverse": {
      "version": "1.0.0",
      "resolved": "https://registry.npmjs.org/json-schema-traverse/-/json-schema-traverse-1.0.0.tgz",
      "integrity": "sha512-NM8/P9n3XjXhIZn1lLhkFaACTOURQXjWhV4BA/RnOv8xvgqtqpAX9IO4mRQxSx1Rlo4tqzeqb0sOlruaOy3dug==",
      "license": "MIT"
    },
    "node_modules/prettier": {
      "version": "3.6.2",
      "resolved": "https://registry.npmjs.org/prettier/-/prettier-3.6.2.tgz",
      "integrity": "sha512-I7AIg5boAr5R0FFtJ6rCfD+LFsWHp81dolrFD8S79U9tb8Az2nGrJncnMSnys+bpQJfRUzqs9hnA81OAA3hCuQ==",
      "dev": true,
      "license": "MIT",
      "bin": {
        "prettier": "bin/prettier.cjs"
      },
      "engines": {
        "node": ">=14"
      },
      "funding": {
        "url": "https://github.com/prettier/prettier?sponsor=1"
      }
    },
    "node_modules/require-from-string": {
      "version": "2.0.2",
      "resolved": "https://registry.npmjs.org/require-from-string/-/require-from-string-2.0.2.tgz",
      "integrity": "sha512-Xf0nWe6RseziFMu+Ap9biiUbmplq6S9/p+7w7YXP/JBHhrUDDUhwa+vANyubuqfZWTveU//DYVGsDG7RKL/vEw==",
      "license": "MIT",
      "engines": {
        "node": ">=0.10.0"
      }
    },
    "node_modules/zod": {
      "version": "4.6.5",
      "resolved": "https://registry.npmjs.org/zod/-/zod-4.6.5.tgz",
      "integrity": "sha512-v5l/aFXZQeai4awLbOpSoHecE9UiMrnfx75tEXLjNonXVARxQ5mOeipTjROUchszUNCqnE+hqAMujRsRHsut2Q==",
      "license": "MIT",
      "funding": {
        "url": "https://github.com/sponsors/colinhacks"
      }
    }
  }
}
